Microsoft Visual Studio Solution File, Format Version 12.00
# Visual Studio Version 17
VisualStudioVersion = 17.5.2.0
MinimumVisualStudioVersion = 10.0.40219.1
Project("{FAE04EC0-301F-11D3-BF4B-00C04F79EFBC}") = "28-02-2026", "28-02-2026.csproj", "{8696901F-3795-39B2-F3E6-64E696ACD574}"
EndProject
Global
	GlobalSection(SolutionConfigurationPlatforms) = preSolution
		Debug|Any CPU = Debug|Any CPU
		Release|Any CPU = Release|Any CPU
	EndGlobalSection
	GlobalSection(ProjectConfigurationPlatforms) = postSolution
		{8696901F-3795-39B2-F3E6-64E696ACD574}.Debug|Any CPU.ActiveCfg = Debug|Any CPU
		{8696901F-3795-39B2-F3E6-64E696ACD574}.Debug|Any CPU.Build.0 = Debug|Any CPU
		{8696901F-3795-39B2-F3E6-64E696ACD574}.Release|Any CPU.ActiveCfg = Release|Any CPU
		{8696901F-3795-39B2-F3E6-64E696ACD574}.Release|Any CPU.Build.0 = Release|Any CPU
	EndGlobalSection
	GlobalSection(SolutionProperties) = preSolution
		HideSolutionNode = FALSE
	EndGlobalSection
	GlobalSection(ExtensibilityGlobals) = postSolution
		SolutionGuid = {FADD8288-F151-49AE-9A87-1B436FEFD7BA}
	EndGlobalSection
EndGlobal
