Microsoft Visual Studio Solution File, Format Version 12.00
# Visual Studio Version 17
VisualStudioVersion = 17.5.2.0
MinimumVisualStudioVersion = 10.0.40219.1
Project("{FAE04EC0-301F-11D3-BF4B-00C04F79EFBC}") = "EMPSystem", "EMPSystem\EMPSystem.csproj", "{4C5F00B8-FC7C-4B6A-8148-527B875A1C21}"
EndProject
Global
	GlobalSection(SolutionConfigurationPlatforms) = preSolution
		Debug|Any CPU = Debug|Any CPU
		Release|Any CPU = Release|Any CPU
	EndGlobalSection
	GlobalSection(ProjectConfigurationPlatforms) = postSolution
		{4C5F00B8-FC7C-4B6A-8148-527B875A1C21}.Debug|Any CPU.ActiveCfg = Debug|Any CPU
		{4C5F00B8-FC7C-4B6A-8148-527B875A1C21}.Debug|Any CPU.Build.0 = Debug|Any CPU
		{4C5F00B8-FC7C-4B6A-8148-527B875A1C21}.Release|Any CPU.ActiveCfg = Release|Any CPU
		{4C5F00B8-FC7C-4B6A-8148-527B875A1C21}.Release|Any CPU.Build.0 = Release|Any CPU
	EndGlobalSection
	GlobalSection(SolutionProperties) = preSolution
		HideSolutionNode = FALSE
	EndGlobalSection
	GlobalSection(ExtensibilityGlobals) = postSolution
		SolutionGuid = {2A4FFC96-F178-4FC0-9D83-6EDD43890143}
	EndGlobalSection
EndGlobal
