Microsoft Visual Studio Solution File, Format Version 12.00
# Visual Studio Version 17
VisualStudioVersion = 17.5.2.0
MinimumVisualStudioVersion = 10.0.40219.1
Project("{FAE04EC0-301F-11D3-BF4B-00C04F79EFBC}") = "JwtRoleAuthAPI", "JwtRoleAuthAPI.csproj", "{322DB3C5-AB84-3EBC-5240-F782D382DE16}"
EndProject
Global
	GlobalSection(SolutionConfigurationPlatforms) = preSolution
		Debug|Any CPU = Debug|Any CPU
		Release|Any CPU = Release|Any CPU
	EndGlobalSection
	GlobalSection(ProjectConfigurationPlatforms) = postSolution
		{322DB3C5-AB84-3EBC-5240-F782D382DE16}.Debug|Any CPU.ActiveCfg = Debug|Any CPU
		{322DB3C5-AB84-3EBC-5240-F782D382DE16}.Debug|Any CPU.Build.0 = Debug|Any CPU
		{322DB3C5-AB84-3EBC-5240-F782D382DE16}.Release|Any CPU.ActiveCfg = Release|Any CPU
		{322DB3C5-AB84-3EBC-5240-F782D382DE16}.Release|Any CPU.Build.0 = Release|Any CPU
	EndGlobalSection
	GlobalSection(SolutionProperties) = preSolution
		HideSolutionNode = FALSE
	EndGlobalSection
	GlobalSection(ExtensibilityGlobals) = postSolution
		SolutionGuid = {825B0DAA-02F7-44C4-B7BE-1D9B57A40F11}
	EndGlobalSection
EndGlobal
